
Microsoft Visual Studio Solution File, Format Version 9.00
# Visual Studio 2005
Project("{FAE04EC0-301F-11D3-BF4B-00C04F79EFBC}") = "DeftTech.DuckTyping", "DeftTech.DuckTyping\DeftTech.DuckTyping.csproj", "{6A9688F0-7DDB-4E98-A47A-9CCE83225423}"
EndProject
Project("{FAE04EC0-301F-11D3-BF4B-00C04F79EFBC}") = "DeftTech.DuckTyping.Tests", "DeftTech.DuckTyping.Tests\DeftTech.DuckTyping.Tests.csproj", "{B176BF4E-C453-4957-8FF8-231B922FC4AA}"
EndProject
Project("{2150E333-8FDC-42A3-9474-1A3956D46DE8}") = "Solution Items", "Solution Items", "{5E4F0BFA-D164-4CE8-BB5D-217B75E95B7B}"
	ProjectSection(SolutionItems) = preProject
		master.build = master.build
	EndProjectSection
EndProject
Global
	GlobalSection(SolutionConfigurationPlatforms) = preSolution
		Debug|Any CPU = Debug|Any CPU
		Release|Any CPU = Release|Any CPU
	EndGlobalSection
	GlobalSection(ProjectConfigurationPlatforms) = postSolution
		{6A9688F0-7DDB-4E98-A47A-9CCE83225423}.Debug|Any CPU.ActiveCfg = Debug|Any CPU
		{6A9688F0-7DDB-4E98-A47A-9CCE83225423}.Debug|Any CPU.Build.0 = Debug|Any CPU
		{6A9688F0-7DDB-4E98-A47A-9CCE83225423}.Release|Any CPU.ActiveCfg = Release|Any CPU
		{6A9688F0-7DDB-4E98-A47A-9CCE83225423}.Release|Any CPU.Build.0 = Release|Any CPU
		{B176BF4E-C453-4957-8FF8-231B922FC4AA}.Debug|Any CPU.ActiveCfg = Debug|Any CPU
		{B176BF4E-C453-4957-8FF8-231B922FC4AA}.Debug|Any CPU.Build.0 = Debug|Any CPU
		{B176BF4E-C453-4957-8FF8-231B922FC4AA}.Release|Any CPU.ActiveCfg = Release|Any CPU
		{B176BF4E-C453-4957-8FF8-231B922FC4AA}.Release|Any CPU.Build.0 = Release|Any CPU
	EndGlobalSection
	GlobalSection(SolutionProperties) = preSolution
		HideSolutionNode = FALSE
	EndGlobalSection
EndGlobal
